
Microsoft Visual Studio Solution File, Format Version 12.00
# Visual Studio Version 16
VisualStudioVersion = 16.0.31112.23
MinimumVisualStudioVersion = 10.0.40219.1
Project("{FAE04EC0-301F-11D3-BF4B-00C04F79EFBC}") = "RealEstates.ConsoleApplication", "RealEstates.ConsoleApplication\RealEstates.ConsoleApplication.csproj", "{DC8665DC-80F6-4327-99C2-EEA331FC5ACA}"
EndProject
Project("{FAE04EC0-301F-11D3-BF4B-00C04F79EFBC}") = "RealEstates.Importer", "RealEstates.Importer\RealEstates.Importer.csproj", "{59D00A4C-CC6F-48F0-9765-70F071E15D69}"
EndProject
Project("{FAE04EC0-301F-11D3-BF4B-00C04F79EFBC}") = "RealEstates.Services", "RealEstates.Services\RealEstates.Services.csproj", "{23D9CA5E-EB4C-4F02-B3B0-E74A57ABCAE6}"
EndProject
Project("{FAE04EC0-301F-11D3-BF4B-00C04F79EFBC}") = "RealEstates.Models", "RealEstates.Models\RealEstates.Models.csproj", "{9CE73A20-D77C-456C-8646-D63E9766ECCD}"
EndProject
Project("{FAE04EC0-301F-11D3-BF4B-00C04F79EFBC}") = "RealEstates.Data", "RealEstates.Data\RealEstates.Data.csproj", "{BE7618FD-2B74-468A-A622-FE94F7505E91}"
EndProject
Global
	GlobalSection(SolutionConfigurationPlatforms) = preSolution
		Debug|Any CPU = Debug|Any CPU
		Release|Any CPU = Release|Any CPU
	EndGlobalSection
	GlobalSection(ProjectConfigurationPlatforms) = postSolution
		{DC8665DC-80F6-4327-99C2-EEA331FC5ACA}.Debug|Any CPU.ActiveCfg = Debug|Any CPU
		{DC8665DC-80F6-4327-99C2-EEA331FC5ACA}.Debug|Any CPU.Build.0 = Debug|Any CPU
		{DC8665DC-80F6-4327-99C2-EEA331FC5ACA}.Release|Any CPU.ActiveCfg = Release|Any CPU
		{DC8665DC-80F6-4327-99C2-EEA331FC5ACA}.Release|Any CPU.Build.0 = Release|Any CPU
		{59D00A4C-CC6F-48F0-9765-70F071E15D69}.Debug|Any CPU.ActiveCfg = Debug|Any CPU
		{59D00A4C-CC6F-48F0-9765-70F071E15D69}.Debug|Any CPU.Build.0 = Debug|Any CPU
		{59D00A4C-CC6F-48F0-9765-70F071E15D69}.Release|Any CPU.ActiveCfg = Release|Any CPU
		{59D00A4C-CC6F-48F0-9765-70F071E15D69}.Release|Any CPU.Build.0 = Release|Any CPU
		{23D9CA5E-EB4C-4F02-B3B0-E74A57ABCAE6}.Debug|Any CPU.ActiveCfg = Debug|Any CPU
		{23D9CA5E-EB4C-4F02-B3B0-E74A57ABCAE6}.Debug|Any CPU.Build.0 = Debug|Any CPU
		{23D9CA5E-EB4C-4F02-B3B0-E74A57ABCAE6}.Release|Any CPU.ActiveCfg = Release|Any CPU
		{23D9CA5E-EB4C-4F02-B3B0-E74A57ABCAE6}.Release|Any CPU.Build.0 = Release|Any CPU
		{9CE73A20-D77C-456C-8646-D63E9766ECCD}.Debug|Any CPU.ActiveCfg = Debug|Any CPU
		{9CE73A20-D77C-456C-8646-D63E9766ECCD}.Debug|Any CPU.Build.0 = Debug|Any CPU
		{9CE73A20-D77C-456C-8646-D63E9766ECCD}.Release|Any CPU.ActiveCfg = Release|Any CPU
		{9CE73A20-D77C-456C-8646-D63E9766ECCD}.Release|Any CPU.Build.0 = Release|Any CPU
		{BE7618FD-2B74-468A-A622-FE94F7505E91}.Debug|Any CPU.ActiveCfg = Debug|Any CPU
		{BE7618FD-2B74-468A-A622-FE94F7505E91}.Debug|Any CPU.Build.0 = Debug|Any CPU
		{BE7618FD-2B74-468A-A622-FE94F7505E91}.Release|Any CPU.ActiveCfg = Release|Any CPU
		{BE7618FD-2B74-468A-A622-FE94F7505E91}.Release|Any CPU.Build.0 = Release|Any CPU
	EndGlobalSection
	GlobalSection(SolutionProperties) = preSolution
		HideSolutionNode = FALSE
	EndGlobalSection
	GlobalSection(ExtensibilityGlobals) = postSolution
		SolutionGuid = {DF645AD7-59E7-4660-9934-18CBC6706735}
	EndGlobalSection
EndGlobal
